Microsoft Visual Studio Solution File, Format Version 12.00
# Visual Studio Version 17
VisualStudioVersion = 17.5.2.0
MinimumVisualStudioVersion = 10.0.40219.1
Project("{FAE04EC0-301F-11D3-BF4B-00C04F79EFBC}") = "StudentRecord", "StudentRecord.csproj", "{A45262F5-283E-8722-2941-93F7C8B51201}"
EndProject
Global
	GlobalSection(SolutionConfigurationPlatforms) = preSolution
		Debug|Any CPU = Debug|Any CPU
		Release|Any CPU = Release|Any CPU
	EndGlobalSection
	GlobalSection(ProjectConfigurationPlatforms) = postSolution
		{A45262F5-283E-8722-2941-93F7C8B51201}.Debug|Any CPU.ActiveCfg = Debug|Any CPU
		{A45262F5-283E-8722-2941-93F7C8B51201}.Debug|Any CPU.Build.0 = Debug|Any CPU
		{A45262F5-283E-8722-2941-93F7C8B51201}.Release|Any CPU.ActiveCfg = Release|Any CPU
		{A45262F5-283E-8722-2941-93F7C8B51201}.Release|Any CPU.Build.0 = Release|Any CPU
	EndGlobalSection
	GlobalSection(SolutionProperties) = preSolution
		HideSolutionNode = FALSE
	EndGlobalSection
	GlobalSection(ExtensibilityGlobals) = postSolution
		SolutionGuid = {CAAA10B2-5D08-4E44-BF70-C01FE248AAE6}
	EndGlobalSection
EndGlobal
